// !$*UTF8*$!
{
	archiveVersion = 1;
	classes = {
	};
	objectVersion = 54;
	objects = {

/* Begin PBXBuildFile section */
		6309DD5025AEBF6600C79246 /* AppDelegate.swift in Sources */ = {isa = PBXBuildFile; fileRef = 6309DD4F25AEBF6600C79246 /* AppDelegate.swift */; };
		6309DD5225AEBF6600C79246 /* SceneDelegate.swift in Sources */ = {isa = PBXBuildFile; fileRef = 6309DD5125AEBF6600C79246 /* SceneDelegate.swift */; };
		6309DD5425AEBF6600C79246 /* ViewController.swift in Sources */ = {isa = PBXBuildFile; fileRef = 6309DD5325AEBF6600C79246 /* ViewController.swift */; };
		6309DD5725AEBF6600C79246 /* Main.storyboard in Resources */ = {isa = PBXBuildFile; fileRef = 6309DD5525AEBF6600C79246 /* Main.storyboard */; };
		6309DD5A25AEBF6600C79246 /* RestaurantRoulette.xcdatamodeld in Sources */ = {isa = PBXBuildFile; fileRef = 6309DD5825AEBF6600C79246 /* RestaurantRoulette.xcdatamodeld */; };
		6309DD5C25AEBF6900C79246 /* Assets.xcassets in Resources */ = {isa = PBXBuildFile; fileRef = 6309DD5B25AEBF6900C79246 /* Assets.xcassets */; };
		6309DD5F25AEBF6900C79246 /* LaunchScreen.storyboard in Resources */ = {isa = PBXBuildFile; fileRef = 6309DD5D25AEBF6900C79246 /* LaunchScreen.storyboard */; };
		6309DD6A25AEBF6900C79246 /* RestaurantRouletteTests.swift in Sources */ = {isa = PBXBuildFile; fileRef = 6309DD6925AEBF6900C79246 /* RestaurantRouletteTests.swift */; };
		6309DD7525AEBF6900C79246 /* RestaurantRouletteUITests.swift in Sources */ = {isa = PBXBuildFile; fileRef = 6309DD7425AEBF6900C79246 /* RestaurantRouletteUITests.swift */; };
		6309DD9225AEC38B00C79246 /* tabVC1ViewModel.swift in Sources */ = {isa = PBXBuildFile; fileRef = 6309DD9125AEC38B00C79246 /* tabVC1ViewModel.swift */; };
		632FC9FB2632259F00E2FE4B /* favouritesViewController.swift in Sources */ = {isa = PBXBuildFile; fileRef = 632FC9FA2632259F00E2FE4B /* favouritesViewController.swift */; };
		632FCA00263225F600E2FE4B /* favouriteViewModel.swift in Sources */ = {isa = PBXBuildFile; fileRef = 632FC9FF263225F600E2FE4B /* favouriteViewModel.swift */; };
		632FCA0B2635DCEB00E2FE4B /* favouriteTableViewCell.swift in Sources */ = {isa = PBXBuildFile; fileRef = 632FCA0A2635DCEB00E2FE4B /* favouriteTableViewCell.swift */; };
		63416F4225BCC4CE007B16D3 /* category.swift in Sources */ = {isa = PBXBuildFile; fileRef = 63416F4125BCC4CE007B16D3 /* category.swift */; };
		63416F4725BCD0FA007B16D3 /* location.swift in Sources */ = {isa = PBXBuildFile; fileRef = 63416F4625BCD0FA007B16D3 /* location.swift */; };
		63AE464025B9FAE9001FA57D /* customLocationViewController.swift in Sources */ = {isa = PBXBuildFile; fileRef = 63AE463F25B9FAE9001FA57D /* customLocationViewController.swift */; };
		63AE464525BA628B001FA57D /* restaurantsListTableviewController.swift in Sources */ = {isa = PBXBuildFile; fileRef = 63AE464425BA628B001FA57D /* restaurantsListTableviewController.swift */; };
		63AE465E25BA7C3A001FA57D /* restarauntTableViewCell.swift in Sources */ = {isa = PBXBuildFile; fileRef = 63AE465D25BA7C3A001FA57D /* restarauntTableViewCell.swift */; };
		63AE466325BA8089001FA57D /* restarauntsViewModel.swift in Sources */ = {isa = PBXBuildFile; fileRef = 63AE466225BA8089001FA57D /* restarauntsViewModel.swift */; };
		63AE466925BA82E7001FA57D /* restarauntAPINetwork.swift in Sources */ = {isa = PBXBuildFile; fileRef = 63AE466825BA82E7001FA57D /* restarauntAPINetwork.swift */; };
		63AE466E25BA8C4E001FA57D /* restaurant.swift in Sources */ = {isa = PBXBuildFile; fileRef = 63AE466D25BA8C4E001FA57D /* restaurant.swift */; };
		63B8A02025B38ED30071654E /* filterSettingsViewController.swift in Sources */ = {isa = PBXBuildFile; fileRef = 63B8A01F25B38ED30071654E /* filterSettingsViewController.swift */; };
		63B8A02525B38EE30071654E /* filterSettingsViewModel.swift in Sources */ = {isa = PBXBuildFile; fileRef = 63B8A02425B38EE30071654E /* filterSettingsViewModel.swift */; };
		63CF18C7261FA84400448C64 /* UIDeviceExtension.swift in Sources */ = {isa = PBXBuildFile; fileRef = 63CF18C6261FA84400448C64 /* UIDeviceExtension.swift */; };
		63E077BF25ED9CF40074B0B3 /* TagCVcell.swift in Sources */ = {isa = PBXBuildFile; fileRef = 63E077BE25ED9CF40074B0B3 /* TagCVcell.swift */; };
		ABB473452B91966C00DC96E9 /* NotificationService.swift in Sources */ = {isa = PBXBuildFile; fileRef = ABB473442B91966C00DC96E9 /* NotificationService.swift */; };
		ABB473492B91966C00DC96E9 /* OneSignalNotificationServiceExtension.appex in Embed Foundation Extensions */ = {isa = PBXBuildFile; fileRef = ABB473422B91966C00DC96E9 /* OneSignalNotificationServiceExtension.appex */; settings = {ATTRIBUTES = (RemoveHeadersOnCopy, ); }; };
		ABB473632B91989100DC96E9 /* OneSignalExtension in Frameworks */ = {isa = PBXBuildFile; productRef = ABB473622B91989100DC96E9 /* OneSignalExtension */; };
		ABB473652B91989100DC96E9 /* OneSignalFramework in Frameworks */ = {isa = PBXBuildFile; productRef = ABB473642B91989100DC96E9 /* OneSignalFramework */; };
		ABB473672B91989100DC96E9 /* OneSignalInAppMessages in Frameworks */ = {isa = PBXBuildFile; productRef = ABB473662B91989100DC96E9 /* OneSignalInAppMessages */; };
		ABB473692B91989100DC96E9 /* OneSignalLocation in Frameworks */ = {isa = PBXBuildFile; productRef = ABB473682B91989100DC96E9 /* OneSignalLocation */; };
		ABEFB7B92B770E670086F466 /* FirebaseAnalytics in Frameworks */ = {isa = PBXBuildFile; productRef = ABEFB7B82B770E670086F466 /* FirebaseAnalytics */; };
		ABEFB7BD2B7710750086F466 /* GoogleService-Info.plist in Resources */ = {isa = PBXBuildFile; fileRef = ABEFB7BC2B7710750086F466 /* GoogleService-Info.plist */; };
		BFB03CF531696681B30C4137 /* Pods_Roulette.framework in Frameworks */ = {isa = PBXBuildFile; fileRef = 8108F51FA6DE26476AECCB53 /* Pods_Roulette.framework */; };
/* End PBXBuildFile section */

/* Begin PBXContainerItemProxy section */
		6309DD6625AEBF6900C79246 /* PBXContainerItemProxy */ = {
			isa = PBXContainerItemProxy;
			containerPortal = 6309DD4425AEBF6500C79246 /* Project object */;
			proxyType = 1;
			remoteGlobalIDString = 6309DD4B25AEBF6600C79246;
			remoteInfo = RestaurantRoulette;
		};
		6309DD7125AEBF6900C79246 /* PBXContainerItemProxy */ = {
			isa = PBXContainerItemProxy;
			containerPortal = 6309DD4425AEBF6500C79246 /* Project object */;
			proxyType = 1;
			remoteGlobalIDString = 6309DD4B25AEBF6600C79246;
			remoteInfo = RestaurantRoulette;
		};
		ABB473472B91966C00DC96E9 /* PBXContainerItemProxy */ = {
			isa = PBXContainerItemProxy;
			containerPortal = 6309DD4425AEBF6500C79246 /* Project object */;
			proxyType = 1;
			remoteGlobalIDString = ABB473412B91966C00DC96E9;
			remoteInfo = OneSignalNotificationServiceExtension;
		};
/* End PBXContainerItemProxy section */

/* Begin PBXCopyFilesBuildPhase section */
		ABB4734D2B91966C00DC96E9 /* Embed Foundation Extensions */ = {
			isa = PBXCopyFilesBuildPhase;
			buildActionMask = 2147483647;
			dstPath = "";
			dstSubfolderSpec = 13;
			files = (
				ABB473492B91966C00DC96E9 /* OneSignalNotificationServiceExtension.appex in Embed Foundation Extensions */,
			);
			name = "Embed Foundation Extensions";
			runOnlyForDeploymentPostprocessing = 0;
		};
/* End PBXCopyFilesBuildPhase section */

/* Begin PBXFileReference section */
		6309DD4C25AEBF6600C79246 /* Roulette.app */ = {isa = PBXFileReference; explicitFileType = wrapper.application; includeInIndex = 0; path = Roulette.app; sourceTree = BUILT_PRODUCTS_DIR; };
		6309DD4F25AEBF6600C79246 /* AppDelegate.swift */ = {isa = PBXFileReference; lastKnownFileType = sourcecode.swift; path = AppDelegate.swift; sourceTree = "<group>"; };
		6309DD5125AEBF6600C79246 /* SceneDelegate.swift */ = {isa = PBXFileReference; lastKnownFileType = sourcecode.swift; path = SceneDelegate.swift; sourceTree = "<group>"; };
		6309DD5325AEBF6600C79246 /* ViewController.swift */ = {isa = PBXFileReference; lastKnownFileType = sourcecode.swift; path = ViewController.swift; sourceTree = "<group>"; };
		6309DD5625AEBF6600C79246 /* Base */ = {isa = PBXFileReference; lastKnownFileType = file.storyboard; name = Base; path = Base.lproj/Main.storyboard; sourceTree = "<group>"; };
		6309DD5925AEBF6600C79246 /* RestaurantRoulette.xcdatamodel */ = {isa = PBXFileReference; lastKnownFileType = wrapper.xcdatamodel; path = RestaurantRoulette.xcdatamodel; sourceTree = "<group>"; };
		6309DD5B25AEBF6900C79246 /* Assets.xcassets */ = {isa = PBXFileReference; lastKnownFileType = folder.assetcatalog; path = Assets.xcassets; sourceTree = "<group>"; };
		6309DD5E25AEBF6900C79246 /* Base */ = {isa = PBXFileReference; lastKnownFileType = file.storyboard; name = Base; path = Base.lproj/LaunchScreen.storyboard; sourceTree = "<group>"; };
		6309DD6025AEBF6900C79246 /* Info.plist */ = {isa = PBXFileReference; lastKnownFileType = text.plist.xml; path = Info.plist; sourceTree = "<group>"; };
		6309DD6525AEBF6900C79246 /* RestaurantRouletteTests.xctest */ = {isa = PBXFileReference; explicitFileType = wrapper.cfbundle; includeInIndex = 0; path = RestaurantRouletteTests.xctest; sourceTree = BUILT_PRODUCTS_DIR; };
		6309DD6925AEBF6900C79246 /* RestaurantRouletteTests.swift */ = {isa = PBXFileReference; lastKnownFileType = sourcecode.swift; path = RestaurantRouletteTests.swift; sourceTree = "<group>"; };
		6309DD6B25AEBF6900C79246 /* Info.plist */ = {isa = PBXFileReference; lastKnownFileType = text.plist.xml; path = Info.plist; sourceTree = "<group>"; };
		6309DD7025AEBF6900C79246 /* RestaurantRouletteUITests.xctest */ = {isa = PBXFileReference; explicitFileType = wrapper.cfbundle; includeInIndex = 0; path = RestaurantRouletteUITests.xctest; sourceTree = BUILT_PRODUCTS_DIR; };
		6309DD7425AEBF6900C79246 /* RestaurantRouletteUITests.swift */ = {isa = PBXFileReference; lastKnownFileType = sourcecode.swift; path = RestaurantRouletteUITests.swift; sourceTree = "<group>"; };
		6309DD7625AEBF6900C79246 /* Info.plist */ = {isa = PBXFileReference; lastKnownFileType = text.plist.xml; path = Info.plist; sourceTree = "<group>"; };
		6309DD9125AEC38B00C79246 /* tabVC1ViewModel.swift */ = {isa = PBXFileReference; lastKnownFileType = sourcecode.swift; path = tabVC1ViewModel.swift; sourceTree = "<group>"; };
		632FC9FA2632259F00E2FE4B /* favouritesViewController.swift */ = {isa = PBXFileReference; lastKnownFileType = sourcecode.swift; path = favouritesViewController.swift; sourceTree = "<group>"; };
		632FC9FF263225F600E2FE4B /* favouriteViewModel.swift */ = {isa = PBXFileReference; lastKnownFileType = sourcecode.swift; path = favouriteViewModel.swift; sourceTree = "<group>"; };
		632FCA0A2635DCEB00E2FE4B /* favouriteTableViewCell.swift */ = {isa = PBXFileReference; lastKnownFileType = sourcecode.swift; path = favouriteTableViewCell.swift; sourceTree = "<group>"; };
		63416F4125BCC4CE007B16D3 /* category.swift */ = {isa = PBXFileReference; lastKnownFileType = sourcecode.swift; path = category.swift; sourceTree = "<group>"; };
		63416F4625BCD0FA007B16D3 /* location.swift */ = {isa = PBXFileReference; lastKnownFileType = sourcecode.swift; path = location.swift; sourceTree = "<group>"; };
		637CD62B26A5F8E100E9FEF0 /* nanopb.xcframework */ = {isa = PBXFileReference; lastKnownFileType = wrapper.xcframework; path = nanopb.xcframework; sourceTree = "<group>"; };
		637CD62D26A5F8E100E9FEF0 /* Promises-LICENSE */ = {isa = PBXFileReference; lastKnownFileType = text; path = "Promises-LICENSE"; sourceTree = "<group>"; };
		637CD62E26A5F8E100E9FEF0 /* NanoPB-LICENSE */ = {isa = PBXFileReference; lastKnownFileType = text; path = "NanoPB-LICENSE"; sourceTree = "<group>"; };
		637CD62F26A5F8E100E9FEF0 /* OpenMeasurement-LICENSE */ = {isa = PBXFileReference; lastKnownFileType = text; path = "OpenMeasurement-LICENSE"; sourceTree = "<group>"; };
		637CD63026A5F8E100E9FEF0 /* GoogleUtilities-LICENSE */ = {isa = PBXFileReference; lastKnownFileType = text; path = "GoogleUtilities-LICENSE"; sourceTree = "<group>"; };
		637CD63126A5F8E100E9FEF0 /* PromisesObjC.xcframework */ = {isa = PBXFileReference; lastKnownFileType = wrapper.xcframework; path = PromisesObjC.xcframework; sourceTree = "<group>"; };
		637CD63226A5F8E100E9FEF0 /* UserMessagingPlatform.xcframework */ = {isa = PBXFileReference; lastKnownFileType = wrapper.xcframework; path = UserMessagingPlatform.xcframework; sourceTree = "<group>"; };
		637CD63326A5F8E100E9FEF0 /* GoogleMobileAds.xcframework */ = {isa = PBXFileReference; lastKnownFileType = wrapper.xcframework; path = GoogleMobileAds.xcframework; sourceTree = "<group>"; };
		637CD63426A5F8E100E9FEF0 /* GoogleAppMeasurement.xcframework */ = {isa = PBXFileReference; lastKnownFileType = wrapper.xcframework; path = GoogleAppMeasurement.xcframework; sourceTree = "<group>"; };
		637CD63526A5F8E100E9FEF0 /* GoogleUtilities.xcframework */ = {isa = PBXFileReference; lastKnownFileType = wrapper.xcframework; path = GoogleUtilities.xcframework; sourceTree = "<group>"; };
		63AE463F25B9FAE9001FA57D /* customLocationViewController.swift */ = {isa = PBXFileReference; lastKnownFileType = sourcecode.swift; path = customLocationViewController.swift; sourceTree = "<group>"; };
		63AE464425BA628B001FA57D /* restaurantsListTableviewController.swift */ = {isa = PBXFileReference; lastKnownFileType = sourcecode.swift; path = restaurantsListTableviewController.swift; sourceTree = "<group>"; };
		63AE465D25BA7C3A001FA57D /* restarauntTableViewCell.swift */ = {isa = PBXFileReference; lastKnownFileType = sourcecode.swift; path = restarauntTableViewCell.swift; sourceTree = "<group>"; };
		63AE466225BA8089001FA57D /* restarauntsViewModel.swift */ = {isa = PBXFileReference; lastKnownFileType = sourcecode.swift; path = restarauntsViewModel.swift; sourceTree = "<group>"; };
		63AE466825BA82E7001FA57D /* restarauntAPINetwork.swift */ = {isa = PBXFileReference; lastKnownFileType = sourcecode.swift; path = restarauntAPINetwork.swift; sourceTree = "<group>"; };
		63AE466D25BA8C4E001FA57D /* restaurant.swift */ = {isa = PBXFileReference; lastKnownFileType = sourcecode.swift; path = restaurant.swift; sourceTree = "<group>"; };
		63B8A01F25B38ED30071654E /* filterSettingsViewController.swift */ = {isa = PBXFileReference; lastKnownFileType = sourcecode.swift; path = filterSettingsViewController.swift; sourceTree = "<group>"; };
		63B8A02425B38EE30071654E /* filterSettingsViewModel.swift */ = {isa = PBXFileReference; lastKnownFileType = sourcecode.swift; path = filterSettingsViewModel.swift; sourceTree = "<group>"; };
		63CF18C6261FA84400448C64 /* UIDeviceExtension.swift */ = {isa = PBXFileReference; lastKnownFileType = sourcecode.swift; path = UIDeviceExtension.swift; sourceTree = "<group>"; };
		63E077BE25ED9CF40074B0B3 /* TagCVcell.swift */ = {isa = PBXFileReference; lastKnownFileType = sourcecode.swift; path = TagCVcell.swift; sourceTree = "<group>"; };
		8108F51FA6DE26476AECCB53 /* Pods_Roulette.framework */ = {isa = PBXFileReference; explicitFileType = wrapper.framework; includeInIndex = 0; path = Pods_Roulette.framework; sourceTree = BUILT_PRODUCTS_DIR; };
		98FF867E989152C0D906DA59 /* Pods-Roulette.debug.xcconfig */ = {isa = PBXFileReference; includeInIndex = 1; lastKnownFileType = text.xcconfig; name = "Pods-Roulette.debug.xcconfig"; path = "Target Support Files/Pods-Roulette/Pods-Roulette.debug.xcconfig"; sourceTree = "<group>"; };
		ABB4732B2B91952D00DC96E9 /* Roulette.entitlements */ = {isa = PBXFileReference; lastKnownFileType = text.plist.entitlements; path = Roulette.entitlements; sourceTree = "<group>"; };
		ABB473422B91966C00DC96E9 /* OneSignalNotificationServiceExtension.appex */ = {isa = PBXFileReference; explicitFileType = "wrapper.app-extension"; includeInIndex = 0; path = OneSignalNotificationServiceExtension.appex; sourceTree = BUILT_PRODUCTS_DIR; };
		ABB473442B91966C00DC96E9 /* NotificationService.swift */ = {isa = PBXFileReference; lastKnownFileType = sourcecode.swift; path = NotificationService.swift; sourceTree = "<group>"; };
		ABB473462B91966C00DC96E9 /* Info.plist */ = {isa = PBXFileReference; lastKnownFileType = text.plist.xml; path = Info.plist; sourceTree = "<group>"; };
		ABB473572B91975800DC96E9 /* OneSignalNotificationServiceExtension.entitlements */ = {isa = PBXFileReference; lastKnownFileType = text.plist.entitlements; path = OneSignalNotificationServiceExtension.entitlements; sourceTree = "<group>"; };
		ABEFB7BC2B7710750086F466 /* GoogleService-Info.plist */ = {isa = PBXFileReference; fileEncoding = 4; lastKnownFileType = text.plist.xml; path = "GoogleService-Info.plist"; sourceTree = "<group>"; };
		AEBB2C640593552ECFD1D755 /* Pods-Roulette.release.xcconfig */ = {isa = PBXFileReference; includeInIndex = 1; lastKnownFileType = text.xcconfig; name = "Pods-Roulette.release.xcconfig"; path = "Target Support Files/Pods-Roulette/Pods-Roulette.release.xcconfig"; sourceTree = "<group>"; };
/* End PBXFileReference section */

/* Begin PBXFrameworksBuildPhase section */
		6309DD4925AEBF6600C79246 /* Frameworks */ = {
			isa = PBXFrameworksBuildPhase;
			buildActionMask = 2147483647;
			files = (
				ABEFB7B92B770E670086F466 /* FirebaseAnalytics in Frameworks */,
				ABB473692B91989100DC96E9 /* OneSignalLocation in Frameworks */,
				ABB473652B91989100DC96E9 /* OneSignalFramework in Frameworks */,
				ABB473672B91989100DC96E9 /* OneSignalInAppMessages in Frameworks */,
				BFB03CF531696681B30C4137 /* Pods_Roulette.framework in Frameworks */,
			);
			runOnlyForDeploymentPostprocessing = 0;
		};
		6309DD6225AEBF6900C79246 /* Frameworks */ = {
			isa = PBXFrameworksBuildPhase;
			buildActionMask = 2147483647;
			files = (
			);
			runOnlyForDeploymentPostprocessing = 0;
		};
		6309DD6D25AEBF6900C79246 /* Frameworks */ = {
			isa = PBXFrameworksBuildPhase;
			buildActionMask = 2147483647;
			files = (
			);
			runOnlyForDeploymentPostprocessing = 0;
		};
		ABB4733F2B91966C00DC96E9 /* Frameworks */ = {
			isa = PBXFrameworksBuildPhase;
			buildActionMask = 2147483647;
			files = (
				ABB473632B91989100DC96E9 /* OneSignalExtension in Frameworks */,
			);
			runOnlyForDeploymentPostprocessing = 0;
		};
/* End PBXFrameworksBuildPhase section */

/* Begin PBXGroup section */
		6309DD4325AEBF6500C79246 = {
			isa = PBXGroup;
			children = (
				ABB4732B2B91952D00DC96E9 /* Roulette.entitlements */,
				6309DD4E25AEBF6600C79246 /* RestaurantRoulette */,
				6309DD6825AEBF6900C79246 /* RestaurantRouletteTests */,
				6309DD7325AEBF6900C79246 /* RestaurantRouletteUITests */,
				ABB473432B91966C00DC96E9 /* OneSignalNotificationServiceExtension */,
				6309DD4D25AEBF6600C79246 /* Products */,
				637CD62926A5F8E100E9FEF0 /* Frameworks */,
				B5B391E9FB041EB233A66E84 /* Pods */,
			);
			sourceTree = "<group>";
		};
		6309DD4D25AEBF6600C79246 /* Products */ = {
			isa = PBXGroup;
			children = (
				6309DD4C25AEBF6600C79246 /* Roulette.app */,
				6309DD6525AEBF6900C79246 /* RestaurantRouletteTests.xctest */,
				6309DD7025AEBF6900C79246 /* RestaurantRouletteUITests.xctest */,
				ABB473422B91966C00DC96E9 /* OneSignalNotificationServiceExtension.appex */,
			);
			name = Products;
			sourceTree = "<group>";
		};
		6309DD4E25AEBF6600C79246 /* RestaurantRoulette */ = {
			isa = PBXGroup;
			children = (
				63CF18C5261FA82C00448C64 /* Extensions */,
				63E077B725ED9CB40074B0B3 /* CollectionViewCells */,
				63AE466725BA82A9001FA57D /* Networks */,
				63AE464925BA6409001FA57D /* tableViewCells */,
				6309DD8A25AEC07E00C79246 /* Models */,
				6309DD8925AEC07500C79246 /* ViewModels */,
				6309DD8525AEC06500C79246 /* ViewControllers */,
				6309DD4F25AEBF6600C79246 /* AppDelegate.swift */,
				6309DD5125AEBF6600C79246 /* SceneDelegate.swift */,
				6309DD5525AEBF6600C79246 /* Main.storyboard */,
				6309DD5B25AEBF6900C79246 /* Assets.xcassets */,
				6309DD5D25AEBF6900C79246 /* LaunchScreen.storyboard */,
				6309DD6025AEBF6900C79246 /* Info.plist */,
				ABEFB7BC2B7710750086F466 /* GoogleService-Info.plist */,
				6309DD5825AEBF6600C79246 /* RestaurantRoulette.xcdatamodeld */,
			);
			path = RestaurantRoulette;
			sourceTree = "<group>";
		};
		6309DD6825AEBF6900C79246 /* RestaurantRouletteTests */ = {
			isa = PBXGroup;
			children = (
				6309DD6925AEBF6900C79246 /* RestaurantRouletteTests.swift */,
				6309DD6B25AEBF6900C79246 /* Info.plist */,
			);
			path = RestaurantRouletteTests;
			sourceTree = "<group>";
		};
		6309DD7325AEBF6900C79246 /* RestaurantRouletteUITests */ = {
			isa = PBXGroup;
			children = (
				6309DD7425AEBF6900C79246 /* RestaurantRouletteUITests.swift */,
				6309DD7625AEBF6900C79246 /* Info.plist */,
			);
			path = RestaurantRouletteUITests;
			sourceTree = "<group>";
		};
		6309DD8525AEC06500C79246 /* ViewControllers */ = {
			isa = PBXGroup;
			children = (
				6309DD5325AEBF6600C79246 /* ViewController.swift */,
				63B8A01F25B38ED30071654E /* filterSettingsViewController.swift */,
				63AE463F25B9FAE9001FA57D /* customLocationViewController.swift */,
				63AE464425BA628B001FA57D /* restaurantsListTableviewController.swift */,
				632FC9FA2632259F00E2FE4B /* favouritesViewController.swift */,
			);
			path = ViewControllers;
			sourceTree = "<group>";
		};
		6309DD8925AEC07500C79246 /* ViewModels */ = {
			isa = PBXGroup;
			children = (
				6309DD9125AEC38B00C79246 /* tabVC1ViewModel.swift */,
				63B8A02425B38EE30071654E /* filterSettingsViewModel.swift */,
				63AE466225BA8089001FA57D /* restarauntsViewModel.swift */,
				632FC9FF263225F600E2FE4B /* favouriteViewModel.swift */,
			);
			path = ViewModels;
			sourceTree = "<group>";
		};
		6309DD8A25AEC07E00C79246 /* Models */ = {
			isa = PBXGroup;
			children = (
				63AE466D25BA8C4E001FA57D /* restaurant.swift */,
				63416F4125BCC4CE007B16D3 /* category.swift */,
				63416F4625BCD0FA007B16D3 /* location.swift */,
			);
			path = Models;
			sourceTree = "<group>";
		};
		637CD62926A5F8E100E9FEF0 /* Frameworks */ = {
			isa = PBXGroup;
			children = (
				637CD62A26A5F8E100E9FEF0 /* GoogleMobileAdsSdkiOS-8.7.0 */,
				8108F51FA6DE26476AECCB53 /* Pods_Roulette.framework */,
			);
			name = Frameworks;
			sourceTree = "<group>";
		};
		637CD62A26A5F8E100E9FEF0 /* GoogleMobileAdsSdkiOS-8.7.0 */ = {
			isa = PBXGroup;
			children = (
				637CD62B26A5F8E100E9FEF0 /* nanopb.xcframework */,
				637CD62C26A5F8E100E9FEF0 /* Licenses */,
				637CD63126A5F8E100E9FEF0 /* PromisesObjC.xcframework */,
				637CD63226A5F8E100E9FEF0 /* UserMessagingPlatform.xcframework */,
				637CD63326A5F8E100E9FEF0 /* GoogleMobileAds.xcframework */,
				637CD63426A5F8E100E9FEF0 /* GoogleAppMeasurement.xcframework */,
				637CD63526A5F8E100E9FEF0 /* GoogleUtilities.xcframework */,
			);
			name = "GoogleMobileAdsSdkiOS-8.7.0";
			path = "../../../../../Users/jonathan/Downloads/GoogleMobileAdsSdkiOS-8.7.0";
			sourceTree = "<group>";
		};
		637CD62C26A5F8E100E9FEF0 /* Licenses */ = {
			isa = PBXGroup;
			children = (
				637CD62D26A5F8E100E9FEF0 /* Promises-LICENSE */,
				637CD62E26A5F8E100E9FEF0 /* NanoPB-LICENSE */,
				637CD62F26A5F8E100E9FEF0 /* OpenMeasurement-LICENSE */,
				637CD63026A5F8E100E9FEF0 /* GoogleUtilities-LICENSE */,
			);
			path = Licenses;
			sourceTree = "<group>";
		};
		63AE464925BA6409001FA57D /* tableViewCells */ = {
			isa = PBXGroup;
			children = (
				63AE465D25BA7C3A001FA57D /* restarauntTableViewCell.swift */,
				632FCA0A2635DCEB00E2FE4B /* favouriteTableViewCell.swift */,
			);
			path = tableViewCells;
			sourceTree = "<group>";
		};
		63AE466725BA82A9001FA57D /* Networks */ = {
			isa = PBXGroup;
			children = (
				63AE466825BA82E7001FA57D /* restarauntAPINetwork.swift */,
			);
			path = Networks;
			sourceTree = "<group>";
		};
		63CF18C5261FA82C00448C64 /* Extensions */ = {
			isa = PBXGroup;
			children = (
				63CF18C6261FA84400448C64 /* UIDeviceExtension.swift */,
			);
			path = Extensions;
			sourceTree = "<group>";
		};
		63E077B725ED9CB40074B0B3 /* CollectionViewCells */ = {
			isa = PBXGroup;
			children = (
				63E077BE25ED9CF40074B0B3 /* TagCVcell.swift */,
			);
			path = CollectionViewCells;
			sourceTree = "<group>";
		};
		ABB473432B91966C00DC96E9 /* OneSignalNotificationServiceExtension */ = {
			isa = PBXGroup;
			children = (
				ABB473572B91975800DC96E9 /* OneSignalNotificationServiceExtension.entitlements */,
				ABB473442B91966C00DC96E9 /* NotificationService.swift */,
				ABB473462B91966C00DC96E9 /* Info.plist */,
			);
			path = OneSignalNotificationServiceExtension;
			sourceTree = "<group>";
		};
		B5B391E9FB041EB233A66E84 /* Pods */ = {
			isa = PBXGroup;
			children = (
				98FF867E989152C0D906DA59 /* Pods-Roulette.debug.xcconfig */,
				AEBB2C640593552ECFD1D755 /* Pods-Roulette.release.xcconfig */,
			);
			path = Pods;
			sourceTree = "<group>";
		};
/* End PBXGroup section */

/* Begin PBXNativeTarget section */
		6309DD4B25AEBF6600C79246 /* Roulette */ = {
			isa = PBXNativeTarget;
			buildConfigurationList = 6309DD7925AEBF6900C79246 /* Build configuration list for PBXNativeTarget "Roulette" */;
			buildPhases = (
				840F6B2E5C6BE9CC764A9362 /* [CP] Check Pods Manifest.lock */,
				6309DD4825AEBF6600C79246 /* Sources */,
				6309DD4925AEBF6600C79246 /* Frameworks */,
				6309DD4A25AEBF6600C79246 /* Resources */,
				ABB4734D2B91966C00DC96E9 /* Embed Foundation Extensions */,
			);
			buildRules = (
			);
			dependencies = (
				ABB473482B91966C00DC96E9 /* PBXTargetDependency */,
			);
			name = Roulette;
			packageProductDependencies = (
				ABEFB7B82B770E670086F466 /* FirebaseAnalytics */,
				ABB473642B91989100DC96E9 /* OneSignalFramework */,
				ABB473662B91989100DC96E9 /* OneSignalInAppMessages */,
				ABB473682B91989100DC96E9 /* OneSignalLocation */,
			);
			productName = RestaurantRoulette;
			productReference = 6309DD4C25AEBF6600C79246 /* Roulette.app */;
			productType = "com.apple.product-type.application";
		};
		6309DD6425AEBF6900C79246 /* RestaurantRouletteTests */ = {
			isa = PBXNativeTarget;
			buildConfigurationList = 6309DD7C25AEBF6900C79246 /* Build configuration list for PBXNativeTarget "RestaurantRouletteTests" */;
			buildPhases = (
				6309DD6125AEBF6900C79246 /* Sources */,
				6309DD6225AEBF6900C79246 /* Frameworks */,
				6309DD6325AEBF6900C79246 /* Resources */,
			);
			buildRules = (
			);
			dependencies = (
				6309DD6725AEBF6900C79246 /* PBXTargetDependency */,
			);
			name = RestaurantRouletteTests;
			productName = RestaurantRouletteTests;
			productReference = 6309DD6525AEBF6900C79246 /* RestaurantRouletteTests.xctest */;
			productType = "com.apple.product-type.bundle.unit-test";
		};
		6309DD6F25AEBF6900C79246 /* RestaurantRouletteUITests */ = {
			isa = PBXNativeTarget;
			buildConfigurationList = 6309DD7F25AEBF6900C79246 /* Build configuration list for PBXNativeTarget "RestaurantRouletteUITests" */;
			buildPhases = (
				6309DD6C25AEBF6900C79246 /* Sources */,
				6309DD6D25AEBF6900C79246 /* Frameworks */,
				6309DD6E25AEBF6900C79246 /* Resources */,
			);
			buildRules = (
			);
			dependencies = (
				6309DD7225AEBF6900C79246 /* PBXTargetDependency */,
			);
			name = RestaurantRouletteUITests;
			productName = RestaurantRouletteUITests;
			productReference = 6309DD7025AEBF6900C79246 /* RestaurantRouletteUITests.xctest */;
			productType = "com.apple.product-type.bundle.ui-testing";
		};
		ABB473412B91966C00DC96E9 /* OneSignalNotificationServiceExtension */ = {
			isa = PBXNativeTarget;
			buildConfigurationList = ABB4734A2B91966C00DC96E9 /* Build configuration list for PBXNativeTarget "OneSignalNotificationServiceExtension" */;
			buildPhases = (
				ABB4733E2B91966C00DC96E9 /* Sources */,
				ABB4733F2B91966C00DC96E9 /* Frameworks */,
				ABB473402B91966C00DC96E9 /* Resources */,
			);
			buildRules = (
			);
			dependencies = (
			);
			name = OneSignalNotificationServiceExtension;
			packageProductDependencies = (
				ABB473622B91989100DC96E9 /* OneSignalExtension */,
			);
			productName = OneSignalNotificationServiceExtension;
			productReference = ABB473422B91966C00DC96E9 /* OneSignalNotificationServiceExtension.appex */;
			productType = "com.apple.product-type.app-extension";
		};
/* End PBXNativeTarget section */

/* Begin PBXProject section */
		6309DD4425AEBF6500C79246 /* Project object */ = {
			isa = PBXProject;
			attributes = {
				LastSwiftUpdateCheck = 1500;
				LastUpgradeCheck = 1200;
				TargetAttributes = {
					6309DD4B25AEBF6600C79246 = {
						CreatedOnToolsVersion = 12.0.1;
					};
					6309DD6425AEBF6900C79246 = {
						CreatedOnToolsVersion = 12.0.1;
						TestTargetID = 6309DD4B25AEBF6600C79246;
					};
					6309DD6F25AEBF6900C79246 = {
						CreatedOnToolsVersion = 12.0.1;
						TestTargetID = 6309DD4B25AEBF6600C79246;
					};
					ABB473412B91966C00DC96E9 = {
						CreatedOnToolsVersion = 15.0.1;
					};
				};
			};
			buildConfigurationList = 6309DD4725AEBF6600C79246 /* Build configuration list for PBXProject "RestaurantRoulette" */;
			compatibilityVersion = "Xcode 9.3";
			developmentRegion = en;
			hasScannedForEncodings = 0;
			knownRegions = (
				en,
				Base,
			);
			mainGroup = 6309DD4325AEBF6500C79246;
			packageReferences = (
				ABEFB7B72B770E670086F466 /* XCRemoteSwiftPackageReference "firebase-ios-sdk" */,
				ABB473612B91989100DC96E9 /* XCRemoteSwiftPackageReference "OneSignal-XCFramework" */,
			);
			productRefGroup = 6309DD4D25AEBF6600C79246 /* Products */;
			projectDirPath = "";
			projectRoot = "";
			targets = (
				6309DD4B25AEBF6600C79246 /* Roulette */,
				6309DD6425AEBF6900C79246 /* RestaurantRouletteTests */,
				6309DD6F25AEBF6900C79246 /* RestaurantRouletteUITests */,
				ABB473412B91966C00DC96E9 /* OneSignalNotificationServiceExtension */,
			);
		};
/* End PBXProject section */

/* Begin PBXResourcesBuildPhase section */
		6309DD4A25AEBF6600C79246 /* Resources */ = {
			isa = PBXResourcesBuildPhase;
			buildActionMask = 2147483647;
			files = (
				6309DD5F25AEBF6900C79246 /* LaunchScreen.storyboard in Resources */,
				ABEFB7BD2B7710750086F466 /* GoogleService-Info.plist in Resources */,
				6309DD5C25AEBF6900C79246 /* Assets.xcassets in Resources */,
				6309DD5725AEBF6600C79246 /* Main.storyboard in Resources */,
			);
			runOnlyForDeploymentPostprocessing = 0;
		};
		6309DD6325AEBF6900C79246 /* Resources */ = {
			isa = PBXResourcesBuildPhase;
			buildActionMask = 2147483647;
			files = (
			);
			runOnlyForDeploymentPostprocessing = 0;
		};
		6309DD6E25AEBF6900C79246 /* Resources */ = {
			isa = PBXResourcesBuildPhase;
			buildActionMask = 2147483647;
			files = (
			);
			runOnlyForDeploymentPostprocessing = 0;
		};
		ABB473402B91966C00DC96E9 /* Resources */ = {
			isa = PBXResourcesBuildPhase;
			buildActionMask = 2147483647;
			files = (
			);
			runOnlyForDeploymentPostprocessing = 0;
		};
/* End PBXResourcesBuildPhase section */

/* Begin PBXShellScriptBuildPhase section */
		840F6B2E5C6BE9CC764A9362 /* [CP] Check Pods Manifest.lock */ = {
			isa = PBXShellScriptBuildPhase;
			buildActionMask = 2147483647;
			files = (
			);
			inputFileListPaths = (
			);
			inputPaths = (
				"${PODS_PODFILE_DIR_PATH}/Podfile.lock",
				"${PODS_ROOT}/Manifest.lock",
			);
			name = "[CP] Check Pods Manifest.lock";
			outputFileListPaths = (
			);
			outputPaths = (
				"$(DERIVED_FILE_DIR)/Pods-Roulette-checkManifestLockResult.txt",
			);
			runOnlyForDeploymentPostprocessing = 0;
			shellPath = /bin/sh;
			shellScript = "diff \"${PODS_PODFILE_DIR_PATH}/Podfile.lock\" \"${PODS_ROOT}/Manifest.lock\" > /dev/null\nif [ $? != 0 ] ; then\n    # print error to STDERR\n    echo \"error: The sandbox is not in sync with the Podfile.lock. Run 'pod install' or update your CocoaPods installation.\" >&2\n    exit 1\nfi\n# This output is used by Xcode 'outputs' to avoid re-running this script phase.\necho \"SUCCESS\" > \"${SCRIPT_OUTPUT_FILE_0}\"\n";
			showEnvVarsInLog = 0;
		};
/* End PBXShellScriptBuildPhase section */

/* Begin PBXSourcesBuildPhase section */
		6309DD4825AEBF6600C79246 /* Sources */ = {
			isa = PBXSourcesBuildPhase;
			buildActionMask = 2147483647;
			files = (
				63AE464025B9FAE9001FA57D /* customLocationViewController.swift in Sources */,
				6309DD5A25AEBF6600C79246 /* RestaurantRoulette.xcdatamodeld in Sources */,
				63B8A02025B38ED30071654E /* filterSettingsViewController.swift in Sources */,
				6309DD5425AEBF6600C79246 /* ViewController.swift in Sources */,
				63AE465E25BA7C3A001FA57D /* restarauntTableViewCell.swift in Sources */,
				632FCA00263225F600E2FE4B /* favouriteViewModel.swift in Sources */,
				6309DD9225AEC38B00C79246 /* tabVC1ViewModel.swift in Sources */,
				63AE466925BA82E7001FA57D /* restarauntAPINetwork.swift in Sources */,
				63416F4225BCC4CE007B16D3 /* category.swift in Sources */,
				632FC9FB2632259F00E2FE4B /* favouritesViewController.swift in Sources */,
				6309DD5025AEBF6600C79246 /* AppDelegate.swift in Sources */,
				632FCA0B2635DCEB00E2FE4B /* favouriteTableViewCell.swift in Sources */,
				63AE464525BA628B001FA57D /* restaurantsListTableviewController.swift in Sources */,
				63B8A02525B38EE30071654E /* filterSettingsViewModel.swift in Sources */,
				63AE466325BA8089001FA57D /* restarauntsViewModel.swift in Sources */,
				63416F4725BCD0FA007B16D3 /* location.swift in Sources */,
				6309DD5225AEBF6600C79246 /* SceneDelegate.swift in Sources */,
				63AE466E25BA8C4E001FA57D /* restaurant.swift in Sources */,
				63E077BF25ED9CF40074B0B3 /* TagCVcell.swift in Sources */,
				63CF18C7261FA84400448C64 /* UIDeviceExtension.swift in Sources */,
			);
			runOnlyForDeploymentPostprocessing = 0;
		};
		6309DD6125AEBF6900C79246 /* Sources */ = {
			isa = PBXSourcesBuildPhase;
			buildActionMask = 2147483647;
			files = (
				6309DD6A25AEBF6900C79246 /* RestaurantRouletteTests.swift in Sources */,
			);
			runOnlyForDeploymentPostprocessing = 0;
		};
		6309DD6C25AEBF6900C79246 /* Sources */ = {
			isa = PBXSourcesBuildPhase;
			buildActionMask = 2147483647;
			files = (
				6309DD7525AEBF6900C79246 /* RestaurantRouletteUITests.swift in Sources */,
			);
			runOnlyForDeploymentPostprocessing = 0;
		};
		ABB4733E2B91966C00DC96E9 /* Sources */ = {
			isa = PBXSourcesBuildPhase;
			buildActionMask = 2147483647;
			files = (
				ABB473452B91966C00DC96E9 /* NotificationService.swift in Sources */,
			);
			runOnlyForDeploymentPostprocessing = 0;
		};
/* End PBXSourcesBuildPhase section */

/* Begin PBXTargetDependency section */
		6309DD6725AEBF6900C79246 /* PBXTargetDependency */ = {
			isa = PBXTargetDependency;
			target = 6309DD4B25AEBF6600C79246 /* Roulette */;
			targetProxy = 6309DD6625AEBF6900C79246 /* PBXContainerItemProxy */;
		};
		6309DD7225AEBF6900C79246 /* PBXTargetDependency */ = {
			isa = PBXTargetDependency;
			target = 6309DD4B25AEBF6600C79246 /* Roulette */;
			targetProxy = 6309DD7125AEBF6900C79246 /* PBXContainerItemProxy */;
		};
		ABB473482B91966C00DC96E9 /* PBXTargetDependency */ = {
			isa = PBXTargetDependency;
			target = ABB473412B91966C00DC96E9 /* OneSignalNotificationServiceExtension */;
			targetProxy = ABB473472B91966C00DC96E9 /* PBXContainerItemProxy */;
		};
/* End PBXTargetDependency section */

/* Begin PBXVariantGroup section */
		6309DD5525AEBF6600C79246 /* Main.storyboard */ = {
			isa = PBXVariantGroup;
			children = (
				6309DD5625AEBF6600C79246 /* Base */,
			);
			name = Main.storyboard;
			sourceTree = "<group>";
		};
		6309DD5D25AEBF6900C79246 /* LaunchScreen.storyboard */ = {
			isa = PBXVariantGroup;
			children = (
				6309DD5E25AEBF6900C79246 /* Base */,
			);
			name = LaunchScreen.storyboard;
			sourceTree = "<group>";
		};
/* End PBXVariantGroup section */

/* Begin XCBuildConfiguration section */
		6309DD7725AEBF6900C79246 /* Debug */ = {
			isa = XCBuildConfiguration;
			buildSettings = {
				ALWAYS_SEARCH_USER_PATHS = NO;
				CLANG_ANALYZER_NONNULL = YES;
				CLANG_ANALYZER_NUMBER_OBJECT_CONVERSION = YES_AGGRESSIVE;
				CLANG_CXX_LANGUAGE_STANDARD = "gnu++14";
				CLANG_CXX_LIBRARY = "libc++";
				CLANG_ENABLE_MODULES = YES;
				CLANG_ENABLE_OBJC_ARC = YES;
				CLANG_ENABLE_OBJC_WEAK = YES;
				CLANG_WARN_BLOCK_CAPTURE_AUTORELEASING = YES;
				CLANG_WARN_BOOL_CONVERSION = YES;
				CLANG_WARN_COMMA = YES;
				CLANG_WARN_CONSTANT_CONVERSION = YES;
				CLANG_WARN_DEPRECATED_OBJC_IMPLEMENTATIONS = YES;
				CLANG_WARN_DIRECT_OBJC_ISA_USAGE = YES_ERROR;
				CLANG_WARN_DOCUMENTATION_COMMENTS = YES;
				CLANG_WARN_EMPTY_BODY = YES;
				CLANG_WARN_ENUM_CONVERSION = YES;
				CLANG_WARN_INFINITE_RECURSION = YES;
				CLANG_WARN_INT_CONVERSION = YES;
				CLANG_WARN_NON_LITERAL_NULL_CONVERSION = YES;
				CLANG_WARN_OBJC_IMPLICIT_RETAIN_SELF = YES;
				CLANG_WARN_OBJC_LITERAL_CONVERSION = YES;
				CLANG_WARN_OBJC_ROOT_CLASS = YES_ERROR;
				CLANG_WARN_QUOTED_INCLUDE_IN_FRAMEWORK_HEADER = YES;
				CLANG_WARN_RANGE_LOOP_ANALYSIS = YES;
				CLANG_WARN_STRICT_PROTOTYPES = YES;
				CLANG_WARN_SUSPICIOUS_MOVE = YES;
				CLANG_WARN_UNGUARDED_AVAILABILITY = YES_AGGRESSIVE;
				CLANG_WARN_UNREACHABLE_CODE = YES;
				CLANG_WARN__DUPLICATE_METHOD_MATCH = YES;
				COPY_PHASE_STRIP = NO;
				DEBUG_INFORMATION_FORMAT = dwarf;
				ENABLE_STRICT_OBJC_MSGSEND = YES;
				ENABLE_TESTABILITY = YES;
				GCC_C_LANGUAGE_STANDARD = gnu11;
				GCC_DYNAMIC_NO_PIC = NO;
				GCC_NO_COMMON_BLOCKS = YES;
				GCC_OPTIMIZATION_LEVEL = 0;
				GCC_PREPROCESSOR_DEFINITIONS = (
					"DEBUG=1",
					"$(inherited)",
				);
				GCC_WARN_64_TO_32_BIT_CONVERSION = YES;
				GCC_WARN_ABOUT_RETURN_TYPE = YES_ERROR;
				GCC_WARN_UNDECLARED_SELECTOR = YES;
				GCC_WARN_UNINITIALIZED_AUTOS = YES_AGGRESSIVE;
				GCC_WARN_UNUSED_FUNCTION = YES;
				GCC_WARN_UNUSED_VARIABLE = YES;
				IPHONEOS_DEPLOYMENT_TARGET = 15.5;
				MTL_ENABLE_DEBUG_INFO = INCLUDE_SOURCE;
				MTL_FAST_MATH = YES;
				ONLY_ACTIVE_ARCH = YES;
				SDKROOT = iphoneos;
				SWIFT_ACTIVE_COMPILATION_CONDITIONS = DEBUG;
				SWIFT_OPTIMIZATION_LEVEL = "-Onone";
			};
			name = Debug;
		};
		6309DD7825AEBF6900C79246 /* Release */ = {
			isa = XCBuildConfiguration;
			buildSettings = {
				ALWAYS_SEARCH_USER_PATHS = NO;
				CLANG_ANALYZER_NONNULL = YES;
				CLANG_ANALYZER_NUMBER_OBJECT_CONVERSION = YES_AGGRESSIVE;
				CLANG_CXX_LANGUAGE_STANDARD = "gnu++14";
				CLANG_CXX_LIBRARY = "libc++";
				CLANG_ENABLE_MODULES = YES;
				CLANG_ENABLE_OBJC_ARC = YES;
				CLANG_ENABLE_OBJC_WEAK = YES;
				CLANG_WARN_BLOCK_CAPTURE_AUTORELEASING = YES;
				CLANG_WARN_BOOL_CONVERSION = YES;
				CLANG_WARN_COMMA = YES;
				CLANG_WARN_CONSTANT_CONVERSION = YES;
				CLANG_WARN_DEPRECATED_OBJC_IMPLEMENTATIONS = YES;
				CLANG_WARN_DIRECT_OBJC_ISA_USAGE = YES_ERROR;
				CLANG_WARN_DOCUMENTATION_COMMENTS = YES;
				CLANG_WARN_EMPTY_BODY = YES;
				CLANG_WARN_ENUM_CONVERSION = YES;
				CLANG_WARN_INFINITE_RECURSION = YES;
				CLANG_WARN_INT_CONVERSION = YES;
				CLANG_WARN_NON_LITERAL_NULL_CONVERSION = YES;
				CLANG_WARN_OBJC_IMPLICIT_RETAIN_SELF = YES;
				CLANG_WARN_OBJC_LITERAL_CONVERSION = YES;
				CLANG_WARN_OBJC_ROOT_CLASS = YES_ERROR;
				CLANG_WARN_QUOTED_INCLUDE_IN_FRAMEWORK_HEADER = YES;
				CLANG_WARN_RANGE_LOOP_ANALYSIS = YES;
				CLANG_WARN_STRICT_PROTOTYPES = YES;
				CLANG_WARN_SUSPICIOUS_MOVE = YES;
				CLANG_WARN_UNGUARDED_AVAILABILITY = YES_AGGRESSIVE;
				CLANG_WARN_UNREACHABLE_CODE = YES;
				CLANG_WARN__DUPLICATE_METHOD_MATCH = YES;
				COPY_PHASE_STRIP = NO;
				DEBUG_INFORMATION_FORMAT = "dwarf-with-dsym";
				ENABLE_NS_ASSERTIONS = NO;
				ENABLE_STRICT_OBJC_MSGSEND = YES;
				GCC_C_LANGUAGE_STANDARD = gnu11;
				GCC_NO_COMMON_BLOCKS = YES;
				GCC_WARN_64_TO_32_BIT_CONVERSION = YES;
				GCC_WARN_ABOUT_RETURN_TYPE = YES_ERROR;
				GCC_WARN_UNDECLARED_SELECTOR = YES;
				GCC_WARN_UNINITIALIZED_AUTOS = YES_AGGRESSIVE;
				GCC_WARN_UNUSED_FUNCTION = YES;
				GCC_WARN_UNUSED_VARIABLE = YES;
				IPHONEOS_DEPLOYMENT_TARGET = 15.5;
				MTL_ENABLE_DEBUG_INFO = NO;
				MTL_FAST_MATH = YES;
				SDKROOT = iphoneos;
				SWIFT_COMPILATION_MODE = wholemodule;
				SWIFT_OPTIMIZATION_LEVEL = "-O";
				VALIDATE_PRODUCT = YES;
			};
			name = Release;
		};
		6309DD7A25AEBF6900C79246 /* Debug */ = {
			isa = XCBuildConfiguration;
			baseConfigurationReference = 98FF867E989152C0D906DA59 /* Pods-Roulette.debug.xcconfig */;
			buildSettings = {
				ALWAYS_EMBED_SWIFT_STANDARD_LIBRARIES = YES;
				ASSETCATALOG_COMPILER_APPICON_NAME = AppIcon;
				ASSETCATALOG_COMPILER_GLOBAL_ACCENT_COLOR_NAME = AccentColor;
				CODE_SIGN_ENTITLEMENTS = Roulette.entitlements;
				CODE_SIGN_IDENTITY = "Apple Development";
				CODE_SIGN_STYLE = Automatic;
				DEVELOPMENT_TEAM = 4Q5R34W6CG;
				INFOPLIST_FILE = RestaurantRoulette/Info.plist;
				INFOPLIST_KEY_CFBundleDisplayName = "Restaurant Roulette";
				INFOPLIST_KEY_LSApplicationCategoryType = "public.app-category.food-and-drink";
				IPHONEOS_DEPLOYMENT_TARGET = 14.0;
				LD_RUNPATH_SEARCH_PATHS = (
					"$(inherited)",
					"@executable_path/Frameworks",
				);
				MARKETING_VERSION = 1.28;
				OTHER_LDFLAGS = "$(inherited)";
				PRODUCT_BUNDLE_IDENTIFIER = jonathanstevanka.RestaurantRoulette;
				PRODUCT_NAME = "$(TARGET_NAME)";
				PROVISIONING_PROFILE_SPECIFIER = "";
				SWIFT_VERSION = 5.0;
				TARGETED_DEVICE_FAMILY = 1;
			};
			name = Debug;
		};
		6309DD7B25AEBF6900C79246 /* Release */ = {
			isa = XCBuildConfiguration;
			baseConfigurationReference = AEBB2C640593552ECFD1D755 /* Pods-Roulette.release.xcconfig */;
			buildSettings = {
				ALWAYS_EMBED_SWIFT_STANDARD_LIBRARIES = YES;
				ASSETCATALOG_COMPILER_APPICON_NAME = AppIcon;
				ASSETCATALOG_COMPILER_GLOBAL_ACCENT_COLOR_NAME = AccentColor;
				CODE_SIGN_ENTITLEMENTS = Roulette.entitlements;
				CODE_SIGN_IDENTITY = "Apple Development";
				CODE_SIGN_STYLE = Automatic;
				DEVELOPMENT_TEAM = 4Q5R34W6CG;
				INFOPLIST_FILE = RestaurantRoulette/Info.plist;
				INFOPLIST_KEY_CFBundleDisplayName = "Restaurant Roulette";
				INFOPLIST_KEY_LSApplicationCategoryType = "public.app-category.food-and-drink";
				IPHONEOS_DEPLOYMENT_TARGET = 14.0;
				LD_RUNPATH_SEARCH_PATHS = (
					"$(inherited)",
					"@executable_path/Frameworks",
				);
				MARKETING_VERSION = 1.28;
				OTHER_LDFLAGS = "$(inherited)";
				PRODUCT_BUNDLE_IDENTIFIER = jonathanstevanka.RestaurantRoulette;
				PRODUCT_NAME = "$(TARGET_NAME)";
				PROVISIONING_PROFILE_SPECIFIER = "";
				SWIFT_VERSION = 5.0;
				TARGETED_DEVICE_FAMILY = 1;
			};
			name = Release;
		};
		6309DD7D25AEBF6900C79246 /* Debug */ = {
			isa = XCBuildConfiguration;
			buildSettings = {
				ALWAYS_EMBED_SWIFT_STANDARD_LIBRARIES = YES;
				BUNDLE_LOADER = "$(TEST_HOST)";
				CODE_SIGN_STYLE = Automatic;
				DEVELOPMENT_TEAM = 4Q5R34W6CG;
				INFOPLIST_FILE = RestaurantRouletteTests/Info.plist;
				IPHONEOS_DEPLOYMENT_TARGET = 14.0;
				LD_RUNPATH_SEARCH_PATHS = (
					"$(inherited)",
					"@executable_path/Frameworks",
					"@loader_path/Frameworks",
				);
				PRODUCT_BUNDLE_IDENTIFIER = jonathanstevanka.RestaurantRouletteTests;
				PRODUCT_NAME = "$(TARGET_NAME)";
				SWIFT_VERSION = 5.0;
				TARGETED_DEVICE_FAMILY = "1,2";
				TEST_HOST = "$(BUILT_PRODUCTS_DIR)/RestaurantRoulette.app/RestaurantRoulette";
			};
			name = Debug;
		};
		6309DD7E25AEBF6900C79246 /* Release */ = {
			isa = XCBuildConfiguration;
			buildSettings = {
				ALWAYS_EMBED_SWIFT_STANDARD_LIBRARIES = YES;
				BUNDLE_LOADER = "$(TEST_HOST)";
				CODE_SIGN_STYLE = Automatic;
				DEVELOPMENT_TEAM = 4Q5R34W6CG;
				INFOPLIST_FILE = RestaurantRouletteTests/Info.plist;
				IPHONEOS_DEPLOYMENT_TARGET = 14.0;
				LD_RUNPATH_SEARCH_PATHS = (
					"$(inherited)",
					"@executable_path/Frameworks",
					"@loader_path/Frameworks",
				);
				PRODUCT_BUNDLE_IDENTIFIER = jonathanstevanka.RestaurantRouletteTests;
				PRODUCT_NAME = "$(TARGET_NAME)";
				SWIFT_VERSION = 5.0;
				TARGETED_DEVICE_FAMILY = "1,2";
				TEST_HOST = "$(BUILT_PRODUCTS_DIR)/RestaurantRoulette.app/RestaurantRoulette";
			};
			name = Release;
		};
		6309DD8025AEBF6900C79246 /* Debug */ = {
			isa = XCBuildConfiguration;
			buildSettings = {
				ALWAYS_EMBED_SWIFT_STANDARD_LIBRARIES = YES;
				CODE_SIGN_STYLE = Automatic;
				DEVELOPMENT_TEAM = 4Q5R34W6CG;
				INFOPLIST_FILE = RestaurantRouletteUITests/Info.plist;
				LD_RUNPATH_SEARCH_PATHS = (
					"$(inherited)",
					"@executable_path/Frameworks",
					"@loader_path/Frameworks",
				);
				PRODUCT_BUNDLE_IDENTIFIER = jonathanstevanka.RestaurantRouletteUITests;
				PRODUCT_NAME = "$(TARGET_NAME)";
				SWIFT_VERSION = 5.0;
				TARGETED_DEVICE_FAMILY = "1,2";
				TEST_TARGET_NAME = RestaurantRoulette;
			};
			name = Debug;
		};
		6309DD8125AEBF6900C79246 /* Release */ = {
			isa = XCBuildConfiguration;
			buildSettings = {
				ALWAYS_EMBED_SWIFT_STANDARD_LIBRARIES = YES;
				CODE_SIGN_STYLE = Automatic;
				DEVELOPMENT_TEAM = 4Q5R34W6CG;
				INFOPLIST_FILE = RestaurantRouletteUITests/Info.plist;
				LD_RUNPATH_SEARCH_PATHS = (
					"$(inherited)",
					"@executable_path/Frameworks",
					"@loader_path/Frameworks",
				);
				PRODUCT_BUNDLE_IDENTIFIER = jonathanstevanka.RestaurantRouletteUITests;
				PRODUCT_NAME = "$(TARGET_NAME)";
				SWIFT_VERSION = 5.0;
				TARGETED_DEVICE_FAMILY = "1,2";
				TEST_TARGET_NAME = RestaurantRoulette;
			};
			name = Release;
		};
		ABB4734B2B91966C00DC96E9 /* Debug */ = {
			isa = XCBuildConfiguration;
			buildSettings = {
				ASSETCATALOG_COMPILER_GENERATE_SWIFT_ASSET_SYMBOL_EXTENSIONS = YES;
				CLANG_CXX_LANGUAGE_STANDARD = "gnu++20";
				CODE_SIGN_ENTITLEMENTS = OneSignalNotificationServiceExtension/OneSignalNotificationServiceExtension.entitlements;
				CODE_SIGN_IDENTITY = "Apple Development";
				CODE_SIGN_STYLE = Automatic;
				CURRENT_PROJECT_VERSION = 1;
				DEVELOPMENT_TEAM = 4Q5R34W6CG;
				ENABLE_USER_SCRIPT_SANDBOXING = YES;
				GCC_C_LANGUAGE_STANDARD = gnu17;
				GENERATE_INFOPLIST_FILE = YES;
				INFOPLIST_FILE = OneSignalNotificationServiceExtension/Info.plist;
				INFOPLIST_KEY_CFBundleDisplayName = OneSignalNotificationServiceExtension;
				INFOPLIST_KEY_NSHumanReadableCopyright = "";
				IPHONEOS_DEPLOYMENT_TARGET = 14.0;
				LD_RUNPATH_SEARCH_PATHS = (
					"$(inherited)",
					"@executable_path/Frameworks",
					"@executable_path/../../Frameworks",
				);
				LOCALIZATION_PREFERS_STRING_CATALOGS = YES;
				MARKETING_VERSION = 1.0;
				PRODUCT_BUNDLE_IDENTIFIER = jonathanstevanka.RestaurantRoulette.OneSignalNotificationServiceExtension;
				PRODUCT_NAME = "$(TARGET_NAME)";
				SKIP_INSTALL = YES;
				SWIFT_ACTIVE_COMPILATION_CONDITIONS = "DEBUG $(inherited)";
				SWIFT_EMIT_LOC_STRINGS = YES;
				SWIFT_VERSION = 5.0;
				TARGETED_DEVICE_FAMILY = "1,2";
			};
			name = Debug;
		};
		ABB4734C2B91966C00DC96E9 /* Release */ = {
			isa = XCBuildConfiguration;
			buildSettings = {
				ASSETCATALOG_COMPILER_GENERATE_SWIFT_ASSET_SYMBOL_EXTENSIONS = YES;
				CLANG_CXX_LANGUAGE_STANDARD = "gnu++20";
				CODE_SIGN_ENTITLEMENTS = OneSignalNotificationServiceExtension/OneSignalNotificationServiceExtension.entitlements;
				CODE_SIGN_IDENTITY = "Apple Development";
				CODE_SIGN_STYLE = Automatic;
				CURRENT_PROJECT_VERSION = 1;
				DEVELOPMENT_TEAM = 4Q5R34W6CG;
				ENABLE_USER_SCRIPT_SANDBOXING = YES;
				GCC_C_LANGUAGE_STANDARD = gnu17;
				GENERATE_INFOPLIST_FILE = YES;
				INFOPLIST_FILE = OneSignalNotificationServiceExtension/Info.plist;
				INFOPLIST_KEY_CFBundleDisplayName = OneSignalNotificationServiceExtension;
				INFOPLIST_KEY_NSHumanReadableCopyright = "";
				IPHONEOS_DEPLOYMENT_TARGET = 14.0;
				LD_RUNPATH_SEARCH_PATHS = (
					"$(inherited)",
					"@executable_path/Frameworks",
					"@executable_path/../../Frameworks",
				);
				LOCALIZATION_PREFERS_STRING_CATALOGS = YES;
				MARKETING_VERSION = 1.0;
				PRODUCT_BUNDLE_IDENTIFIER = jonathanstevanka.RestaurantRoulette.OneSignalNotificationServiceExtension;
				PRODUCT_NAME = "$(TARGET_NAME)";
				SKIP_INSTALL = YES;
				SWIFT_EMIT_LOC_STRINGS = YES;
				SWIFT_VERSION = 5.0;
				TARGETED_DEVICE_FAMILY = "1,2";
			};
			name = Release;
		};
/* End XCBuildConfiguration section */

/* Begin XCConfigurationList section */
		6309DD4725AEBF6600C79246 /* Build configuration list for PBXProject "RestaurantRoulette" */ = {
			isa = XCConfigurationList;
			buildConfigurations = (
				6309DD7725AEBF6900C79246 /* Debug */,
				6309DD7825AEBF6900C79246 /* Release */,
			);
			defaultConfigurationIsVisible = 0;
			defaultConfigurationName = Release;
		};
		6309DD7925AEBF6900C79246 /* Build configuration list for PBXNativeTarget "Roulette" */ = {
			isa = XCConfigurationList;
			buildConfigurations = (
				6309DD7A25AEBF6900C79246 /* Debug */,
				6309DD7B25AEBF6900C79246 /* Release */,
			);
			defaultConfigurationIsVisible = 0;
			defaultConfigurationName = Release;
		};
		6309DD7C25AEBF6900C79246 /* Build configuration list for PBXNativeTarget "RestaurantRouletteTests" */ = {
			isa = XCConfigurationList;
			buildConfigurations = (
				6309DD7D25AEBF6900C79246 /* Debug */,
				6309DD7E25AEBF6900C79246 /* Release */,
			);
			defaultConfigurationIsVisible = 0;
			defaultConfigurationName = Release;
		};
		6309DD7F25AEBF6900C79246 /* Build configuration list for PBXNativeTarget "RestaurantRouletteUITests" */ = {
			isa = XCConfigurationList;
			buildConfigurations = (
				6309DD8025AEBF6900C79246 /* Debug */,
				6309DD8125AEBF6900C79246 /* Release */,
			);
			defaultConfigurationIsVisible = 0;
			defaultConfigurationName = Release;
		};
		ABB4734A2B91966C00DC96E9 /* Build configuration list for PBXNativeTarget "OneSignalNotificationServiceExtension" */ = {
			isa = XCConfigurationList;
			buildConfigurations = (
				ABB4734B2B91966C00DC96E9 /* Debug */,
				ABB4734C2B91966C00DC96E9 /* Release */,
			);
			defaultConfigurationIsVisible = 0;
			defaultConfigurationName = Release;
		};
/* End XCConfigurationList section */

/* Begin XCRemoteSwiftPackageReference section */
		ABB473612B91989100DC96E9 /* XCRemoteSwiftPackageReference "OneSignal-XCFramework" */ = {
			isa = XCRemoteSwiftPackageReference;
			repositoryURL = "https://github.com/OneSignal/OneSignal-XCFramework";
			requirement = {
				kind = upToNextMajorVersion;
				minimumVersion = 5.1.0;
			};
		};
		ABEFB7B72B770E670086F466 /* XCRemoteSwiftPackageReference "firebase-ios-sdk" */ = {
			isa = XCRemoteSwiftPackageReference;
			repositoryURL = "https://github.com/firebase/firebase-ios-sdk";
			requirement = {
				kind = upToNextMajorVersion;
				minimumVersion = 10.21.0;
			};
		};
/* End XCRemoteSwiftPackageReference section */

/* Begin XCSwiftPackageProductDependency section */
		ABB473622B91989100DC96E9 /* OneSignalExtension */ = {
			isa = XCSwiftPackageProductDependency;
			package = ABB473612B91989100DC96E9 /* XCRemoteSwiftPackageReference "OneSignal-XCFramework" */;
			productName = OneSignalExtension;
		};
		ABB473642B91989100DC96E9 /* OneSignalFramework */ = {
			isa = XCSwiftPackageProductDependency;
			package = ABB473612B91989100DC96E9 /* XCRemoteSwiftPackageReference "OneSignal-XCFramework" */;
			productName = OneSignalFramework;
		};
		ABB473662B91989100DC96E9 /* OneSignalInAppMessages */ = {
			isa = XCSwiftPackageProductDependency;
			package = ABB473612B91989100DC96E9 /* XCRemoteSwiftPackageReference "OneSignal-XCFramework" */;
			productName = OneSignalInAppMessages;
		};
		ABB473682B91989100DC96E9 /* OneSignalLocation */ = {
			isa = XCSwiftPackageProductDependency;
			package = ABB473612B91989100DC96E9 /* XCRemoteSwiftPackageReference "OneSignal-XCFramework" */;
			productName = OneSignalLocation;
		};
		ABEFB7B82B770E670086F466 /* FirebaseAnalytics */ = {
			isa = XCSwiftPackageProductDependency;
			package = ABEFB7B72B770E670086F466 /* XCRemoteSwiftPackageReference "firebase-ios-sdk" */;
			productName = FirebaseAnalytics;
		};
/* End XCSwiftPackageProductDependency section */

/* Begin XCVersionGroup section */
		6309DD5825AEBF6600C79246 /* RestaurantRoulette.xcdatamodeld */ = {
			isa = XCVersionGroup;
			children = (
				6309DD5925AEBF6600C79246 /* RestaurantRoulette.xcdatamodel */,
			);
			currentVersion = 6309DD5925AEBF6600C79246 /* RestaurantRoulette.xcdatamodel */;
			path = RestaurantRoulette.xcdatamodeld;
			sourceTree = "<group>";
			versionGroupType = wrapper.xcdatamodel;
		};
/* End XCVersionGroup section */
	};
	rootObject = 6309DD4425AEBF6500C79246 /* Project object */;
}
